
Microsoft Visual Studio Solution File, Format Version 12.00
# Visual Studio Version 17
VisualStudioVersion = 17.0.31903.59
MinimumVisualStudioVersion = 10.0.40219.1
Project("{FAE04EC0-301F-11D3-BF4B-00C04F79EFBC}") = "PrimeService", "PrimeService\PrimeService.csproj", "{460639E1-FEE3-4DAC-B6AC-0A8807F289DF}"
EndProject
Project("{FAE04EC0-301F-11D3-BF4B-00C04F79EFBC}") = "PrimeService.Tests", "PrimeService.Tests\PrimeService.Tests.csproj", "{1AED5426-5E8A-4204-A545-28CC12C99A74}"
EndProject
Global
	GlobalSection(SolutionConfigurationPlatforms) = preSolution
		Debug|Any CPU = Debug|Any CPU
		Release|Any CPU = Release|Any CPU
	EndGlobalSection
	GlobalSection(SolutionProperties) = preSolution
		HideSolutionNode = FALSE
	EndGlobalSection
	GlobalSection(ProjectConfigurationPlatforms) = postSolution
		{460639E1-FEE3-4DAC-B6AC-0A8807F289DF}.Debug|Any CPU.ActiveCfg = Debug|Any CPU
		{460639E1-FEE3-4DAC-B6AC-0A8807F289DF}.Debug|Any CPU.Build.0 = Debug|Any CPU
		{460639E1-FEE3-4DAC-B6AC-0A8807F289DF}.Release|Any CPU.ActiveCfg = Release|Any CPU
		{460639E1-FEE3-4DAC-B6AC-0A8807F289DF}.Release|Any CPU.Build.0 = Release|Any CPU
		{1AED5426-5E8A-4204-A545-28CC12C99A74}.Debug|Any CPU.ActiveCfg = Debug|Any CPU
		{1AED5426-5E8A-4204-A545-28CC12C99A74}.Debug|Any CPU.Build.0 = Debug|Any CPU
		{1AED5426-5E8A-4204-A545-28CC12C99A74}.Release|Any CPU.ActiveCfg = Release|Any CPU
		{1AED5426-5E8A-4204-A545-28CC12C99A74}.Release|Any CPU.Build.0 = Release|Any CPU
	EndGlobalSection
EndGlobal
